github.com/pascaldekloe/goe v0.0.0-20180627143212-57f6aae5913c h1:Lgl0gzECD8GnQ5QCWA8o6BtfL6mDH5rQgM4/fX3avOs=
github.com/pascaldekloe/goe v0.0.0-20180627143212-57f6aae5913c/go.mod h1:lzWF7FIEvWOWxwDKqyGYQf6ZUaNfKdP144TG7ZOy1lc=
github.com/pkg/errors v0.8.1 h1:iURUrRGxPUNPdy5/HRSm+Yj6okJ6UtLINN0Q9M4+h3I=
github.com/pkg/errors v0.8.1/go.mod h1:bwawxfHBFNV+L2hUp1rHADufV3IMtnDRdf1r5NINEl0=
